lockfileVersion: '9.0'

settings:
  autoInstallPeers: true
  excludeLinksFromLockfile: false

importers:

  .:
    dependencies:
      '@aws-sdk/client-ses':
        specifier: ^3.668.0
        version: 3.668.0
      serverless:
        specifier: ^4.4.5
        version: 4.4.5
    devDependencies:
      '@haftahave/serverless-ses-template':
        specifier: ^6.1.0
        version: 6.1.0(serverless@4.4.5)

packages:

  '@aws-crypto/sha256-browser@5.2.0':
    resolution: {integrity: sha512-AXfN/lGotSQwu6HNcEsIASo7kWXZ5HYWvfOmSNKDsEqC4OashTp8alTmaz+F7TC2L083SFv5RdB+qU3Vs1kZqw==}

  '@aws-crypto/sha256-js@5.2.0':
    resolution: {integrity: sha512-FFQQyu7edu4ufvIZ+OadFpHHOt+eSTBaYaki44c+akjg7qZg9oOQeLlk77F6tSYqjDAFClrHJk9tMf0HdVyOvA==}
    engines: {node: '>=16.0.0'}

  '@aws-crypto/supports-web-crypto@5.2.0':
    resolution: {integrity: sha512-iAvUotm021kM33eCdNfwIN//F77/IADDSs58i+MDaOqFrVjZo9bAal0NK7HurRuWLLpF1iLX7gbWrjHjeo+YFg==}

  '@aws-crypto/util@5.2.0':
    resolution: {integrity: sha512-4RkU9EsI6ZpBve5fseQlGNUWKMa1RLPQ1dnjnQoe07ldfIzcsGb5hC5W0Dm7u423KWzawlrpbjXBrXCEv9zazQ==}

  '@aws-sdk/client-ses@3.668.0':
    resolution: {integrity: sha512-uLbSf8McPLqIp2xVAtnrJGeEhLr0zQgn9sDmrb/KYWmWapDSVmTD0k5cUtu8BaMujsd3iCbb4/jFa6/AZdGHUQ==}
    engines: {node: '>=16.0.0'}

  '@aws-sdk/client-sso-oidc@3.668.0':
    resolution: {integrity: sha512-b1Ib/92tcjOPXWYILfNuOOd2CYxmlr9lUfoZZBy/uwZCMObI6gtcpdUjfefyJohWfR+rk1WtsXi/sIXKxAhl/g==}
    engines: {node: '>=16.0.0'}
    peerDependencies:
      '@aws-sdk/client-sts': ^3.668.0

  '@aws-sdk/client-sso@3.668.0':
    resolution: {integrity: sha512-21YehzNmlaVbB6f4gAg9CTl6djExE7yxuWaRgbFugCtFhqZbmNhrh826B6cGvPVc5Dxx2rdMdI/SxTujtTJvag==}
    engines: {node: '>=16.0.0'}

  '@aws-sdk/client-sts@3.668.0':
    resolution: {integrity: sha512-Ele3N6WveoMsF2mZpN/1tM0jsu7qOUXWX7RKV1U4Dhe0TMbW1KdVIXz1oirWlc0BxCels7HX+CS1N7gg1axhwg==}
    engines: {node: '>=16.0.0'}

  '@aws-sdk/core@3.667.0':
    resolution: {integrity: sha512-pMcDVI7Tmdsc8R3sDv0Omj/4iRParGY+uJtAfF669WnZfDfaBQaix2Mq7+Mu08vdjqO9K3gicFvjk9S1VLmOKA==}
    engines: {node: '>=16.0.0'}

  '@aws-sdk/credential-provider-env@3.667.0':
    resolution: {integrity: sha512-zZbrkkaPc54WXm+QAnpuv0LPNfsts0HPPd+oCECGs7IQRaFsGj187cwvPg9RMWDFZqpm64MdBDoA8OQHsqzYCw==}
    engines: {node: '>=16.0.0'}

  '@aws-sdk/credential-provider-http@3.667.0':
    resolution: {integrity: sha512-sjtybFfERZWiqTY7fswBxKQLvUkiCucOWyqh3IaPo/4nE1PXRnaZCVG0+kRBPrYIxWqiVwytvZzMJy8sVZcG0A==}
    engines: {node: '>=16.0.0'}

  '@aws-sdk/credential-provider-ini@3.668.0':
    resolution: {integrity: sha512-npu7qBM8Qu+BzRh+omBvcnA9Hxt/5HZ6ifACtLUqqkPLhCgINSpVruVqDXJHinl6DrcmTL12XM+60VW90fq2uA==}
    engines: {node: '>=16.0.0'}
    peerDependencies:
      '@aws-sdk/client-sts': ^3.668.0

  '@aws-sdk/credential-provider-node@3.668.0':
    resolution: {integrity: sha512-QHD6Y6xurKsHGQ7U2Az0UHu3R31mq7uokuMrWU9IIWB4Qa5t/Pkt4Od8TYXL/V4uAOthsLdchgfeCFSleOZMEA==}
    engines: {node: '>=16.0.0'}

  '@aws-sdk/credential-provider-process@3.667.0':
    resolution: {integrity: sha512-HZHnvop32fKgsNHkdhVaul7UzQ25sEc0j9yqA4bjhtbk0ECl42kj3f1pJ+ZU/YD9ut8lMJs/vVqiOdNThVdeBw==}
    engines: {node: '>=16.0.0'}

  '@aws-sdk/credential-provider-sso@3.668.0':
    resolution: {integrity: sha512-cO14tsL7Lmyq4HfRHBBjEmcBDhlXv4eVgY8DQ9e/ujPFU+b99xiZiV80JSkJ8Kz99+woFl6pFo9PYp36YaI+Pw==}
    engines: {node: '>=16.0.0'}

  '@aws-sdk/credential-provider-web-identity@3.667.0':
    resolution: {integrity: sha512-t8CFlZMD/1p/8Cli3rvRiTJpjr/8BO64gw166AHgFZYSN2h95L2l1tcW0jpsc3PprA32nLg1iQVKYt4WGM4ugw==}
    engines: {node: '>=16.0.0'}
    peerDependencies:
      '@aws-sdk/client-sts': ^3.667.0

  '@aws-sdk/middleware-host-header@3.667.0':
    resolution: {integrity: sha512-Z7fIAMQnPegs7JjAQvlOeWXwpMRfegh5eCoIP6VLJIeR6DLfYKbP35JBtt98R6DXslrN2RsbTogjbxPEDQfw1w==}
    engines: {node: '>=16.0.0'}

  '@aws-sdk/middleware-logger@3.667.0':
    resolution: {integrity: sha512-PtTRNpNm/5c746jRgZCNg4X9xEJIwggkGJrF0GP9AB1ANg4pc/sF2Fvn1NtqPe9wtQ2stunJprnm5WkCHN7QiA==}
    engines: {node: '>=16.0.0'}

  '@aws-sdk/middleware-recursion-detection@3.667.0':
    resolution: {integrity: sha512-U5glWD3ehFohzpUpopLtmqAlDurGWo2wRGPNgi4SwhWU7UDt6LS7E/UvJjqC0CUrjlzOw+my2A+Ncf+fisMhxQ==}
    engines: {node: '>=16.0.0'}

  '@aws-sdk/middleware-user-agent@3.668.0':
    resolution: {integrity: sha512-6WSCeN9AZZM/bM1kXJluLPFptd6z+tMBEZw3J7m1EvJSBTKEoSHiBrZBjc3gi83l/EKHCswITm2c8NcdgXAnLw==}
    engines: {node: '>=16.0.0'}

  '@aws-sdk/region-config-resolver@3.667.0':
    resolution: {integrity: sha512-iNr+JhhA902JMKHG9IwT9YdaEx6KGl6vjAL5BRNeOjfj4cZYMog6Lz/IlfOAltMtT0w88DAHDEFrBd2uO0l2eg==}
    engines: {node: '>=16.0.0'}

  '@aws-sdk/token-providers@3.667.0':
    resolution: {integrity: sha512-ZecJlG8p6D4UTYlBHwOWX6nknVtw/OBJ3yPXTSajBjhUlj9lE2xvejI8gl4rqkyLXk7z3bki+KR4tATbMaM9yg==}
    engines: {node: '>=16.0.0'}
    peerDependencies:
      '@aws-sdk/client-sso-oidc': ^3.667.0

  '@aws-sdk/types@3.667.0':
    resolution: {integrity: sha512-gYq0xCsqFfQaSL/yT1Gl1vIUjtsg7d7RhnUfsXaHt8xTxOKRTdH9GjbesBjXOzgOvB0W0vfssfreSNGFlOOMJg==}
    engines: {node: '>=16.0.0'}

  '@aws-sdk/util-endpoints@3.667.0':
    resolution: {integrity: sha512-X22SYDAuQJWnkF1/q17pkX3nGw5XMD9YEUbmt87vUnRq7iyJ3JOpl6UKOBeUBaL838wA5yzdbinmCITJ/VZ1QA==}
    engines: {node: '>=16.0.0'}

  '@aws-sdk/util-locate-window@3.568.0':
    resolution: {integrity: sha512-3nh4TINkXYr+H41QaPelCceEB2FXP3fxp93YZXB/kqJvX0U9j0N0Uk45gvsjmEPzG8XxkPEeLIfT2I1M7A6Lig==}
    engines: {node: '>=16.0.0'}

  '@aws-sdk/util-user-agent-browser@3.667.0':
    resolution: {integrity: sha512-y1pKlNzNpxzddM0QSnfIfIbi3Z9LTag1VDjYyZRbEGGSVip2J00qKsET+979nRezWMyJgw5GPBQR3Y+rN+jh0Q==}

  '@aws-sdk/util-user-agent-node@3.668.0':
    resolution: {integrity: sha512-A27U+G/R5ekZhf6L2yVOX6/YQqmAxOiV61M+a9Jy1eG6YDOXueYUYXaHUkLWy15sNB0TPJNdsApn1rJdvHI0AQ==}
    engines: {node: '>=16.0.0'}
    peerDependencies:
      aws-crt: '>=1.0.0'
    peerDependenciesMeta:
      aws-crt:
        optional: true

  '@haftahave/serverless-ses-template@6.1.0':
    resolution: {integrity: sha512-oEvQ0Ow8zRH+hCjmvwDSREOlhpX49RiU+l3A42u6CMCfIqcQMrqMcqLf9ypEKC/Xi1Qt2U4eQ2P1FY8en5cUnw==}
    engines: {node: '>=18.8.0'}
    peerDependencies:
      serverless: '>=3.2.0'

  '@isaacs/cliui@8.0.2':
    resolution: {integrity: sha512-O8jcjabXaleOG9DQ0+ARXWZBTfnP4WNAqzuiJK7ll44AmxGKv/J2M4TPjxjY3znBCfvBXFzucm1twdyFybFqEA==}
    engines: {node: '>=12'}

  '@pkgjs/parseargs@0.11.0':
    resolution: {integrity: sha512-+1VkjdD0QBLPodGrJUeqarH8VAIvQODIbwh9XpP5Syisf7YoQgsJKPNFoqqLQlu+VQ/tVSshMR6loPMn8U+dPg==}
    engines: {node: '>=14'}

  '@smithy/abort-controller@3.1.5':
    resolution: {integrity: sha512-DhNPnqTqPoG8aZ5dWkFOgsuY+i0GQ3CI6hMmvCoduNsnU9gUZWZBwGfDQsTTB7NvFPkom1df7jMIJWU90kuXXg==}
    engines: {node: '>=16.0.0'}

  '@smithy/config-resolver@3.0.9':
    resolution: {integrity: sha512-5d9oBf40qC7n2xUoHmntKLdqsyTMMo/r49+eqSIjJ73eDfEtljAxEhzIQ3bkgXJtR3xiv7YzMT/3FF3ORkjWdg==}
    engines: {node: '>=16.0.0'}

  '@smithy/core@2.4.8':
    resolution: {integrity: sha512-x4qWk7p/a4dcf7Vxb2MODIf4OIcqNbK182WxRvZ/3oKPrf/6Fdic5sSElhO1UtXpWKBazWfqg0ZEK9xN1DsuHA==}
    engines: {node: '>=16.0.0'}

  '@smithy/credential-provider-imds@3.2.4':
    resolution: {integrity: sha512-S9bb0EIokfYEuar4kEbLta+ivlKCWOCFsLZuilkNy9i0uEUEHSi47IFLPaxqqCl+0ftKmcOTHayY5nQhAuq7+w==}
    engines: {node: '>=16.0.0'}

  '@smithy/fetch-http-handler@3.2.9':
    resolution: {integrity: sha512-hYNVQOqhFQ6vOpenifFME546f0GfJn2OiQ3M0FDmuUu8V/Uiwy2wej7ZXxFBNqdx0R5DZAqWM1l6VRhGz8oE6A==}

  '@smithy/hash-node@3.0.7':
    resolution: {integrity: sha512-SAGHN+QkrwcHFjfWzs/czX94ZEjPJ0CrWJS3M43WswDXVEuP4AVy9gJ3+AF6JQHZD13bojmuf/Ap/ItDeZ+Qfw==}
    engines: {node: '>=16.0.0'}

  '@smithy/invalid-dependency@3.0.7':
    resolution: {integrity: sha512-Bq00GsAhHeYSuZX8Kpu4sbI9agH2BNYnqUmmbTGWOhki9NVsWn2jFr896vvoTMH8KAjNX/ErC/8t5QHuEXG+IA==}

  '@smithy/is-array-buffer@2.2.0':
    resolution: {integrity: sha512-GGP3O9QFD24uGeAXYUjwSTXARoqpZykHadOmA8G5vfJPK0/DC67qa//0qvqrJzL1xc8WQWX7/yc7fwudjPHPhA==}
    engines: {node: '>=14.0.0'}

  '@smithy/is-array-buffer@3.0.0':
    resolution: {integrity: sha512-+Fsu6Q6C4RSJiy81Y8eApjEB5gVtM+oFKTffg+jSuwtvomJJrhUJBu2zS8wjXSgH/g1MKEWrzyChTBe6clb5FQ==}
    engines: {node: '>=16.0.0'}

  '@smithy/middleware-content-length@3.0.9':
    resolution: {integrity: sha512-t97PidoGElF9hTtLCrof32wfWMqC5g2SEJNxaVH3NjlatuNGsdxXRYO/t+RPnxA15RpYiS0f+zG7FuE2DeGgjA==}
    engines: {node: '>=16.0.0'}

  '@smithy/middleware-endpoint@3.1.4':
    resolution: {integrity: sha512-/ChcVHekAyzUbyPRI8CzPPLj6y8QRAfJngWcLMgsWxKVzw/RzBV69mSOzJYDD3pRwushA1+5tHtPF8fjmzBnrQ==}
    engines: {node: '>=16.0.0'}

  '@smithy/middleware-retry@3.0.23':
    resolution: {integrity: sha512-x9PbGXxkcXIpm6L26qRSCC+eaYcHwybRmqU8LO/WM2RRlW0g8lz6FIiKbKgGvHuoK3dLZRiQVSQJveiCzwnA5A==}
    engines: {node: '>=16.0.0'}

  '@smithy/middleware-serde@3.0.7':
    resolution: {integrity: sha512-VytaagsQqtH2OugzVTq4qvjkLNbWehHfGcGr0JLJmlDRrNCeZoWkWsSOw1nhS/4hyUUWF/TLGGml4X/OnEep5g==}
    engines: {node: '>=16.0.0'}

  '@smithy/middleware-stack@3.0.7':
    resolution: {integrity: sha512-EyTbMCdqS1DoeQsO4gI7z2Gzq1MoRFAeS8GkFYIwbedB7Lp5zlLHJdg+56tllIIG5Hnf9ZWX48YKSHlsKvugGA==}
    engines: {node: '>=16.0.0'}

  '@smithy/node-config-provider@3.1.8':
    resolution: {integrity: sha512-E0rU0DglpeJn5ge64mk8wTGEXcQwmpUTY5Zr7IzTpDLmHKiIamINERNZYrPQjg58Ck236sEKSwRSHA4CwshU6Q==}
    engines: {node: '>=16.0.0'}

  '@smithy/node-http-handler@3.2.4':
    resolution: {integrity: sha512-49reY3+JgLMFNm7uTAKBWiKCA6XSvkNp9FqhVmusm2jpVnHORYFeFZ704LShtqWfjZW/nhX+7Iexyb6zQfXYIQ==}
    engines: {node: '>=16.0.0'}

  '@smithy/property-provider@3.1.7':
    resolution: {integrity: sha512-QfzLi1GPMisY7bAM5hOUqBdGYnY5S2JAlr201pghksrQv139f8iiiMalXtjczIP5f6owxFn3MINLNUNvUkgtPw==}
    engines: {node: '>=16.0.0'}

  '@smithy/protocol-http@4.1.4':
    resolution: {integrity: sha512-MlWK8eqj0JlpZBnWmjQLqmFp71Ug00P+m72/1xQB3YByXD4zZ+y9N4hYrR0EDmrUCZIkyATWHOXFgtavwGDTzQ==}
    engines: {node: '>=16.0.0'}

  '@smithy/querystring-builder@3.0.7':
    resolution: {integrity: sha512-65RXGZZ20rzqqxTsChdqSpbhA6tdt5IFNgG6o7e1lnPVLCe6TNWQq4rTl4N87hTDD8mV4IxJJnvyE7brbnRkQw==}
    engines: {node: '>=16.0.0'}

  '@smithy/querystring-parser@3.0.7':
    resolution: {integrity: sha512-Fouw4KJVWqqUVIu1gZW8BH2HakwLz6dvdrAhXeXfeymOBrZw+hcqaWs+cS1AZPVp4nlbeIujYrKA921ZW2WMPA==}
    engines: {node: '>=16.0.0'}

  '@smithy/service-error-classification@3.0.7':
    resolution: {integrity: sha512-91PRkTfiBf9hxkIchhRKJfl1rsplRDyBnmyFca3y0Z3x/q0JJN480S83LBd8R6sBCkm2bBbqw2FHp0Mbh+ecSA==}
    engines: {node: '>=16.0.0'}

  '@smithy/shared-ini-file-loader@3.1.8':
    resolution: {integrity: sha512-0NHdQiSkeGl0ICQKcJQ2lCOKH23Nb0EaAa7RDRId6ZqwXkw4LJyIyZ0t3iusD4bnKYDPLGy2/5e2rfUhrt0Acw==}
    engines: {node: '>=16.0.0'}

  '@smithy/signature-v4@4.2.0':
    resolution: {integrity: sha512-LafbclHNKnsorMgUkKm7Tk7oJ7xizsZ1VwqhGKqoCIrXh4fqDDp73fK99HOEEgcsQbtemmeY/BPv0vTVYYUNEQ==}
    engines: {node: '>=16.0.0'}

  '@smithy/smithy-client@3.4.0':
    resolution: {integrity: sha512-nOfJ1nVQsxiP6srKt43r2My0Gp5PLWCW2ASqUioxIiGmu6d32v4Nekidiv5qOmmtzIrmaD+ADX5SKHUuhReeBQ==}
    engines: {node: '>=16.0.0'}

  '@smithy/types@3.5.0':
    resolution: {integrity: sha512-QN0twHNfe8mNJdH9unwsCK13GURU7oEAZqkBI+rsvpv1jrmserO+WnLE7jidR9W/1dxwZ0u/CB01mV2Gms/K2Q==}
    engines: {node: '>=16.0.0'}

  '@smithy/url-parser@3.0.7':
    resolution: {integrity: sha512-70UbSSR8J97c1rHZOWhl+VKiZDqHWxs/iW8ZHrHp5fCCPLSBE7GcUlUvKSle3Ca+J9LLbYCj/A79BxztBvAfpA==}

  '@smithy/util-base64@3.0.0':
    resolution: {integrity: sha512-Kxvoh5Qtt0CDsfajiZOCpJxgtPHXOKwmM+Zy4waD43UoEMA+qPxxa98aE/7ZhdnBFZFXMOiBR5xbcaMhLtznQQ==}
    engines: {node: '>=16.0.0'}

  '@smithy/util-body-length-browser@3.0.0':
    resolution: {integrity: sha512-cbjJs2A1mLYmqmyVl80uoLTJhAcfzMOyPgjwAYusWKMdLeNtzmMz9YxNl3/jRLoxSS3wkqkf0jwNdtXWtyEBaQ==}

  '@smithy/util-body-length-node@3.0.0':
    resolution: {integrity: sha512-Tj7pZ4bUloNUP6PzwhN7K386tmSmEET9QtQg0TgdNOnxhZvCssHji+oZTUIuzxECRfG8rdm2PMw2WCFs6eIYkA==}
    engines: {node: '>=16.0.0'}

  '@smithy/util-buffer-from@2.2.0':
    resolution: {integrity: sha512-IJdWBbTcMQ6DA0gdNhh/BwrLkDR+ADW5Kr1aZmd4k3DIF6ezMV4R2NIAmT08wQJ3yUK82thHWmC/TnK/wpMMIA==}
    engines: {node: '>=14.0.0'}

  '@smithy/util-buffer-from@3.0.0':
    resolution: {integrity: sha512-aEOHCgq5RWFbP+UDPvPot26EJHjOC+bRgse5A8V3FSShqd5E5UN4qc7zkwsvJPPAVsf73QwYcHN1/gt/rtLwQA==}
    engines: {node: '>=16.0.0'}

  '@smithy/util-config-provider@3.0.0':
    resolution: {integrity: sha512-pbjk4s0fwq3Di/ANL+rCvJMKM5bzAQdE5S/6RL5NXgMExFAi6UgQMPOm5yPaIWPpr+EOXKXRonJ3FoxKf4mCJQ==}
    engines: {node: '>=16.0.0'}

  '@smithy/util-defaults-mode-browser@3.0.23':
    resolution: {integrity: sha512-Y07qslyRtXDP/C5aWKqxTPBl4YxplEELG3xRrz2dnAQ6Lq/FgNrcKWmV561nNaZmFH+EzeGOX3ZRMbU8p1T6Nw==}
    engines: {node: '>= 10.0.0'}

  '@smithy/util-defaults-mode-node@3.0.23':
    resolution: {integrity: sha512-9Y4WH7f0vnDGuHUa4lGX9e2p+sMwODibsceSV6rfkZOvMC+BY3StB2LdO1NHafpsyHJLpwAgChxQ38tFyd6vkg==}
    engines: {node: '>= 10.0.0'}

  '@smithy/util-endpoints@2.1.3':
    resolution: {integrity: sha512-34eACeKov6jZdHqS5hxBMJ4KyWKztTMulhuQ2UdOoP6vVxMLrOKUqIXAwJe/wiWMhXhydLW664B02CNpQBQ4Aw==}
    engines: {node: '>=16.0.0'}

  '@smithy/util-hex-encoding@3.0.0':
    resolution: {integrity: sha512-eFndh1WEK5YMUYvy3lPlVmYY/fZcQE1D8oSf41Id2vCeIkKJXPcYDCZD+4+xViI6b1XSd7tE+s5AmXzz5ilabQ==}
    engines: {node: '>=16.0.0'}

  '@smithy/util-middleware@3.0.7':
    resolution: {integrity: sha512-OVA6fv/3o7TMJTpTgOi1H5OTwnuUa8hzRzhSFDtZyNxi6OZ70L/FHattSmhE212I7b6WSOJAAmbYnvcjTHOJCA==}
    engines: {node: '>=16.0.0'}

  '@smithy/util-retry@3.0.7':
    resolution: {integrity: sha512-nh1ZO1vTeo2YX1plFPSe/OXaHkLAHza5jpokNiiKX2M5YpNUv6RxGJZhpfmiR4jSvVHCjIDmILjrxKmP+/Ghug==}
    engines: {node: '>=16.0.0'}

  '@smithy/util-stream@3.1.9':
    resolution: {integrity: sha512-7YAR0Ub3MwTMjDfjnup4qa6W8gygZMxikBhFMPESi6ASsl/rZJhwLpF/0k9TuezScCojsM0FryGdz4LZtjKPPQ==}
    engines: {node: '>=16.0.0'}

  '@smithy/util-uri-escape@3.0.0':
    resolution: {integrity: sha512-LqR7qYLgZTD7nWLBecUi4aqolw8Mhza9ArpNEQ881MJJIU2sE5iHCK6TdyqqzcDLy0OPe10IY4T8ctVdtynubg==}
    engines: {node: '>=16.0.0'}

  '@smithy/util-utf8@2.3.0':
    resolution: {integrity: sha512-R8Rdn8Hy72KKcebgLiv8jQcQkXoLMOGGv5uI1/k0l+snqkOzQ1R0ChUBCxWMlBsFMekWjq0wRudIweFs7sKT5A==}
    engines: {node: '>=14.0.0'}

  '@smithy/util-utf8@3.0.0':
    resolution: {integrity: sha512-rUeT12bxFnplYDe815GXbq/oixEGHfRFFtcTF3YdDi/JaENIM6aSYYLJydG83UNzLXeRI5K8abYd/8Sp/QM0kA==}
    engines: {node: '>=16.0.0'}

  '@smithy/util-waiter@3.1.6':
    resolution: {integrity: sha512-xs/KAwWOeCklq8aMlnpk25LgxEYHKOEodfjfKclDMLcBJEVEKzDLxZxBQyztcuPJ7F54213NJS8PxoiHNMdItQ==}
    engines: {node: '>=16.0.0'}

  ansi-regex@5.0.1:
    resolution: {integrity: sha512-quJQXlTSUGL2LH9SUXo8VwsY4soanhgo6LNSm84E1LBcE8s3O0wpdiRzyR9z/ZZJMlMWv37qOOb9pdJlMUEKFQ==}
    engines: {node: '>=8'}

  ansi-regex@6.1.0:
    resolution: {integrity: sha512-7HSX4QQb4CspciLpVFwyRe79O3xsIZDDLER21kERQ71oaPodF8jL725AgJMFAYbooIqolJoRLuM81SpeUkpkvA==}
    engines: {node: '>=12'}

  ansi-styles@4.3.0:
    resolution: {integrity: sha512-zbB9rCJAT1rbjiVDb2hqKFHNYLxgtk8NURxZ3IZwD3F6NtxbXZQCnnSi1Lkx+IDohdPlFp222wVALIheZJQSEg==}
    engines: {node: '>=8'}

  ansi-styles@6.2.1:
    resolution: {integrity: sha512-bN798gFfQX+viw3R7yrGWRqnrN2oRkEkUjjl4JNn4E8GxxbjtG3FbrEIIY3l8/hrwUwIeCZvi4QuOTP4MErVug==}
    engines: {node: '>=12'}

  asynckit@0.4.0:
    resolution: {integrity: sha512-Oei9OH4tRh0YqU3GxhX79dM/mwVgvbZJaSNaRk+bshkj0S5cfHcgYakreBjrHwatXKbz+IoIdYLxrKim2MjW0Q==}

  axios-proxy-builder@0.1.2:
    resolution: {integrity: sha512-6uBVsBZzkB3tCC8iyx59mCjQckhB8+GQrI9Cop8eC7ybIsvs/KtnNgEBfRMSEa7GqK2VBGUzgjNYMdPIfotyPA==}

  axios@1.7.7:
    resolution: {integrity: sha512-S4kL7XrjgBmvdGut0sN3yJxqYzrDOnivkBiN0OFs6hLiUam3UPvswUo0kqGyhqUZGEOytHyumEdXsAkgCOUf3Q==}

  balanced-match@1.0.2:
    resolution: {integrity: sha512-3oSeUO0TMV67hN1AmbXsK4yaqU7tjiHlbxRDZOpH0KW9+CeX4bRAaX0Anxt0tx2MrpRpWwQaPwIlISEJhYU5Pw==}

  bowser@2.11.0:
    resolution: {integrity: sha512-AlcaJBi/pqqJBIQ8U9Mcpc9i8Aqxn88Skv5d+xBX006BY5u8N3mGLHa5Lgppa7L/HfwgwLgZ6NYs+Ag6uUmJRA==}

  brace-expansion@2.0.1:
    resolution: {integrity: sha512-XnAIvQ8eM+kC6aULx6wuQiwVsnzsi9d3WxzV3FpWTGA19F621kwdbsAcFKXgKUHZWsy+mY6iL1sHTxWEFCytDA==}

  chalk@4.1.2:
    resolution: {integrity: sha512-oKnbhFyRIXpUuez8iBMmyEa4nbj4IOQyuhc/wy9kY7/WVPcwIO9VA668Pu8RkO7+0G76SLROeyw9CpQ061i4mA==}
    engines: {node: '>=10'}

  cli-table@0.3.11:
    resolution: {integrity: sha512-IqLQi4lO0nIB4tcdTpN4LCB9FI3uqrJZK7RC515EnhZ6qBaglkIgICb1wjeAqpdoOabm1+SuQtkXIPdYC93jhQ==}
    engines: {node: '>= 0.2.0'}

  color-convert@2.0.1:
    resolution: {integrity: sha512-RRECPsj7iu/xb5oKYcsFHSppFNnsj/52OVTRKb4zP5onXwVF3zVmmToNcOfGC+CRDpfK/U584fMg38ZHCaElKQ==}
    engines: {node: '>=7.0.0'}

  color-name@1.1.4:
    resolution: {integrity: sha512-dOy+3AuW3a2wNbZHIuMZpTcgjGuLU/uBL/ubcZF9OXbDo8ff4O8yVp5Bf0efS8uEoYo5q4Fx7dY9OgQGXgAsQA==}

  colors@1.0.3:
    resolution: {integrity: sha512-pFGrxThWcWQ2MsAz6RtgeWe4NK2kUE1WfsrvvlctdII745EW9I0yflqhe7++M5LEc7bV2c/9/5zc8sFcpL0Drw==}
    engines: {node: '>=0.1.90'}

  combined-stream@1.0.8:
    resolution: {integrity: sha512-FQN4MRfuJeHf7cBbBMJFXhKSDq+2kAArBlmRBvcvFE5BB1HZKXtSFASDhdlz9zOYwxh8lDdnvmMOe/+5cdoEdg==}
    engines: {node: '>= 0.8'}

  cross-spawn@7.0.3:
    resolution: {integrity: sha512-iRDPJKUPVEND7dHPO8rkbOnPpyDygcDFtWjpeWNCgy8WP2rXcxXL8TskReQl6OrB2G7+UJrags1q15Fudc7G6w==}
    engines: {node: '>= 8'}

  delayed-stream@1.0.0:
    resolution: {integrity: sha512-ZySD7Nf91aLB0RxL4KGrKHBXl7Eds1DAmEdcoVawXnLD7SDhpNgtuII2aAkg7a7QS41jxPSZ17p4VdGnMHk3MQ==}
    engines: {node: '>=0.4.0'}

  eastasianwidth@0.2.0:
    resolution: {integrity: sha512-I88TYZWc9XiYHRQ4/3c5rjjfgkjhLyW2luGIheGERbNQ6OY7yTybanSpDXZa8y7VUP9YmDcYa+eyq4ca7iLqWA==}

  emoji-regex@8.0.0:
    resolution: {integrity: sha512-MSjYzcWNOA0ewAHpz0MxpYFvwg6yjy1NG3xteoqz644VCo/RPgnr1/GGt+ic3iJTzQ8Eu3TdM14SawnVUmGE6A==}

  emoji-regex@9.2.2:
    resolution: {integrity: sha512-L18DaJsXSUk2+42pv8mLs5jJT2hqFkFE4j21wOmgbUqsZ2hL72NsUU785g9RXgo3s0ZNgVl42TiHp3ZtOv/Vyg==}

  fast-xml-parser@4.4.1:
    resolution: {integrity: sha512-xkjOecfnKGkSsOwtZ5Pz7Us/T6mrbPQrq0nh+aCO5V9nk5NLWmasAHumTKjiPJPWANe+kAZ84Jc8ooJkzZ88Sw==}
    hasBin: true

  follow-redirects@1.15.9:
    resolution: {integrity: sha512-gew4GsXizNgdoRyqmyfMHyAmXsZDk6mHkSxZFCzW9gwlbtOW44CDtYavM+y+72qD/Vq2l550kMF52DT8fOLJqQ==}
    engines: {node: '>=4.0'}
    peerDependencies:
      debug: '*'
    peerDependenciesMeta:
      debug:
        optional: true

  foreground-child@3.3.0:
    resolution: {integrity: sha512-Ld2g8rrAyMYFXBhEqMz8ZAHBi4J4uS1i/CxGMDnjyFWddMXLVcDp051DZfu+t7+ab7Wv6SMqpWmyFIj5UbfFvg==}
    engines: {node: '>=14'}

  form-data@4.0.0:
    resolution: {integrity: sha512-ETEklSGi5t0QMZuiXoA/Q6vcnxcLQP5vdugSpuAyi6SVGi2clPPp+xgEhuMaHC+zGgn31Kd235W35f7Hykkaww==}
    engines: {node: '>= 6'}

  glob@10.4.5:
    resolution: {integrity: sha512-7Bv8RF0k6xjo7d4A/PxYLbUCfb6c+Vpd2/mB2yRDlew7Jb5hEXiCD9ibfO7wpk8i4sevK6DFny9h7EYbM3/sHg==}
    hasBin: true

  has-flag@4.0.0:
    resolution: {integrity: sha512-EykJT/Q1KjTWctppgIAgfSO0tKVuZUjhgMr17kqTumMl6Afv3EISleU7qZUzoXDFTAHTDC4NOoG/ZxU3EvlMPQ==}
    engines: {node: '>=8'}

  is-fullwidth-code-point@3.0.0:
    resolution: {integrity: sha512-zymm5+u+sCsSWyD9qNaejV3DFvhCKclKdizYaJUuHA83RLjb7nSuGnddCHGv0hk+KY7BMAlsWeK4Ueg6EV6XQg==}
    engines: {node: '>=8'}

  isexe@2.0.0:
    resolution: {integrity: sha512-RHxMLp9lnKHGHRng9QFhRCMbYAcVpn69smSGcq3f36xjgVVWThj4qqLbTLlq7Ssj8B+fIQ1EuCEGI2lKsyQeIw==}

  jackspeak@3.4.3:
    resolution: {integrity: sha512-OGlZQpz2yfahA/Rd1Y8Cd9SIEsqvXkLVoSw/cgwhnhFMDbsQFeZYoJJ7bIZBS9BcamUW96asq/npPWugM+RQBw==}

  lru-cache@10.4.3:
    resolution: {integrity: sha512-JNAzZcXrCt42VGLuYz0zfAzDfAvJWW6AfYlDBQyDV5DClI2m5sAmK+OIO7s59XfsRsWHp02jAJrRadPRGTt6SQ==}

  mime-db@1.52.0:
    resolution: {integrity: sha512-sPU4uV7dYlvtWJxwwxHD0PuihVNiE7TyAbQ5SWxDCB9mUYvOgroQOwYQQOKPJ8CIbE+1ETVlOoK1UC2nU3gYvg==}
    engines: {node: '>= 0.6'}

  mime-types@2.1.35:
    resolution: {integrity: sha512-ZDY+bPm5zTTF+YpCrAU9nK0UgICYPT0QtT1NZWFv4s++TNkcgVaT0g6+4R2uI4MjQjzysHB1zxuWL50hzaeXiw==}
    engines: {node: '>= 0.6'}

  minimatch@9.0.5:
    resolution: {integrity: sha512-G6T0ZX48xgozx7587koeX9Ys2NYy6Gmv//P89sEte9V9whIapMNF4idKxnW2QtCcLiTWlb/wfCabAtAFWhhBow==}
    engines: {node: '>=16 || 14 >=14.17'}

  minipass@7.1.2:
    resolution: {integrity: sha512-qOOzS1cBTWYF4BH8fVePDBOO9iptMnGUEZwNc/cMWnTV2nVLZ7VoNWEPHkYczZA0pdoA7dl6e7FL659nX9S2aw==}
    engines: {node: '>=16 || 14 >=14.17'}

  package-json-from-dist@1.0.1:
    resolution: {integrity: sha512-UEZIS3/by4OC8vL3P2dTXRETpebLI2NiI5vIrjaD/5UtrkFX/tNbwjTSRAGC/+7CAo2pIcBaRgWmcBBHcsaCIw==}

  path-key@3.1.1:
    resolution: {integrity: sha512-ojmeN0qd+y0jszEtoY48r0Peq5dwMEkIlCOu6Q5f41lfkswXuKtYrhgoTpLnyIcHm24Uhqx+5Tqm2InSwLhE6Q==}
    engines: {node: '>=8'}

  path-scurry@1.11.1:
    resolution: {integrity: sha512-Xa4Nw17FS9ApQFJ9umLiJS4orGjm7ZzwUrwamcGQuHSzDyth9boKDaycYdDcZDuqYATXw4HFXgaqWTctW/v1HA==}
    engines: {node: '>=16 || 14 >=14.18'}

  proxy-from-env@1.1.0:
    resolution: {integrity: sha512-D+zkORCbA9f1tdWRK0RaCR3GPv50cMxcrz4X8k5LTSUD1Dkw47mKJEZQNunItRTkWwgtaUSo1RVFRIG9ZXiFYg==}

  rimraf@5.0.10:
    resolution: {integrity: sha512-l0OE8wL34P4nJH/H2ffoaniAokM2qSmrtXHmlpvYr5AVVX8msAyW0l8NVJFDxlSK4u3Uh/f41cQheDVdnYijwQ==}
    hasBin: true

  sax@1.4.1:
    resolution: {integrity: sha512-+aWOz7yVScEGoKNd4PA10LZ8sk0A/z5+nXQG5giUO5rprX9jgYsTdov9qCchZiPIZezbZH+jRut8nPodFAX4Jg==}

  serverless@4.4.5:
    resolution: {integrity: sha512-DbVV8zaEI5siQNFaowU2Yax1SyXhdfxth3l/87LJMs1hQc0rVDYezqsCuDTP8ToDEkjYKNANIDUYIbU/fgJz2Q==}
    engines: {node: '>=18.0.0'}
    hasBin: true

  shebang-command@2.0.0:
    resolution: {integrity: sha512-kHxr2zZpYtdmrN1qDjrrX/Z1rR1kG8Dx+gkpK1G4eXmvXswmcE1hTWBWYUzlraYw1/yZp6YuDY77YtvbN0dmDA==}
    engines: {node: '>=8'}

  shebang-regex@3.0.0:
    resolution: {integrity: sha512-7++dFhtcx3353uBaq8DDR4NuxBetBzC7ZQOhmTQInHEd6bSrXdiEyzCvG07Z44UYdLShWUyXt5M/yhz8ekcb1A==}
    engines: {node: '>=8'}

  signal-exit@4.1.0:
    resolution: {integrity: sha512-bzyZ1e88w9O1iNJbKnOlvYTrWPDl46O1bG0D3XInv+9tkPrxrN8jUUTiFlDkkmKWgn1M6CfIA13SuGqOa9Korw==}
    engines: {node: '>=14'}

  string-width@4.2.3:
    resolution: {integrity: sha512-wKyQRQpjJ0sIp62ErSZdGsjMJWsap5oRNihHhu6G7JVO/9jIB6UyevL+tXuOqrng8j/cxKTWyWUwvSTriiZz/g==}
    engines: {node: '>=8'}

  string-width@5.1.2:
    resolution: {integrity: sha512-HnLOCR3vjcY8beoNLtcjZ5/nxn2afmME6lhrDrebokqMap+XbeW8n9TXpPDOqdGK5qcI3oT0GKTW6wC7EMiVqA==}
    engines: {node: '>=12'}

  strip-ansi@6.0.1:
    resolution: {integrity: sha512-Y38VPSHcqkFrCpFnQ9vuSXmquuv5oXOKpGeT6aGrr3o3Gc9AlVa6JBfUSOCnbxGGZF+/0ooI7KrPuUSztUdU5A==}
    engines: {node: '>=8'}

  strip-ansi@7.1.0:
    resolution: {integrity: sha512-iq6eVVI64nQQTRYq2KtEg2d2uU7LElhTJwsH4YzIHZshxlgZms/wIc4VoDQTlG/IvVIrBKG06CrZnp0qv7hkcQ==}
    engines: {node: '>=12'}

  strnum@1.0.5:
    resolution: {integrity: sha512-J8bbNyKKXl5qYcR36TIO8W3mVGVHrmmxsd5PAItGkmyzwJvybiw2IVq5nqd0i4LSNSkB/sx9VHllbfFdr9k1JA==}

  supports-color@7.2.0:
    resolution: {integrity: sha512-qpCAvRl9stuOHveKsn7HncJRvv501qIacKzQlO/+Lwxc9+0q2wLyv4Dfvt80/DPn2pqOBsJdDiogXGR9+OvwRw==}
    engines: {node: '>=8'}

  tslib@2.7.0:
    resolution: {integrity: sha512-gLXCKdN1/j47AiHiOkJN69hJmcbGTHI0ImLmbYLHykhgeN0jVGola9yVjFgzCUklsZQMW55o+dW7IXv3RCXDzA==}

  tunnel@0.0.6:
    resolution: {integrity: sha512-1h/Lnq9yajKY2PEbBadPXj3VxsDDu844OnaAo52UVmIzIvwwtBPIuNvkjuzBlTWpfJyUbG3ez0KSBibQkj4ojg==}
    engines: {node: '>=0.6.11 <=0.7.0 || >=0.7.3'}

  uuid@9.0.1:
    resolution: {integrity: sha512-b+1eJOlsR9K8HJpow9Ok3fiWOWSIcIzXodvv0rQjVoOVNpWMpxf1wZNpt4y9h10odCNrqnYp1OBzRktckBe3sA==}
    hasBin: true

  which@2.0.2:
    resolution: {integrity: sha512-BLI3Tl1TW3Pvl70l3yq3Y64i+awpwXqsGBYWkkqMtnbXgrMD+yj7rhW0kuEDxzJaYXGjEW5ogapKNMEKNMjibA==}
    engines: {node: '>= 8'}
    hasBin: true

  wrap-ansi@7.0.0:
    resolution: {integrity: sha512-YVGIj2kamLSTxw6NsZjoBxfSwsn0ycdesmc4p+Q21c5zPuZ1pl+NfxVdxPtdHvmNVOQ6XSYG4AUtyt/Fi7D16Q==}
    engines: {node: '>=10'}

  wrap-ansi@8.1.0:
    resolution: {integrity: sha512-si7QWI6zUMq56bESFvagtmzMdGOtoxfR+Sez11Mobfc7tm+VkUckk9bW2UeffTGVUbOksxmSw0AA2gs8g71NCQ==}
    engines: {node: '>=12'}

  xml2js@0.6.2:
    resolution: {integrity: sha512-T4rieHaC1EXcES0Kxxj4JWgaUQHDk+qwHcYOCFHfiwKz7tOVPLq7Hjq9dM1WCMhylqMEfP7hMcOIChvotiZegA==}
    engines: {node: '>=4.0.0'}

  xmlbuilder@11.0.1:
    resolution: {integrity: sha512-fDlsI/kFEx7gLvbecc0/ohLG50fugQp8ryHzMTuW9vSa1GJ0XYWKnhsUx7oie3G98+r56aTQIUB4kht42R3JvA==}
    engines: {node: '>=4.0'}

snapshots:

  '@aws-crypto/sha256-browser@5.2.0':
    dependencies:
      '@aws-crypto/sha256-js': 5.2.0
      '@aws-crypto/supports-web-crypto': 5.2.0
      '@aws-crypto/util': 5.2.0
      '@aws-sdk/types': 3.667.0
      '@aws-sdk/util-locate-window': 3.568.0
      '@smithy/util-utf8': 2.3.0
      tslib: 2.7.0

  '@aws-crypto/sha256-js@5.2.0':
    dependencies:
      '@aws-crypto/util': 5.2.0
      '@aws-sdk/types': 3.667.0
      tslib: 2.7.0

  '@aws-crypto/supports-web-crypto@5.2.0':
    dependencies:
      tslib: 2.7.0

  '@aws-crypto/util@5.2.0':
    dependencies:
      '@aws-sdk/types': 3.667.0
      '@smithy/util-utf8': 2.3.0
      tslib: 2.7.0

  '@aws-sdk/client-ses@3.668.0':
    dependencies:
      '@aws-crypto/sha256-browser': 5.2.0
      '@aws-crypto/sha256-js': 5.2.0
      '@aws-sdk/client-sso-oidc': 3.668.0(@aws-sdk/client-sts@3.668.0)
      '@aws-sdk/client-sts': 3.668.0
      '@aws-sdk/core': 3.667.0
      '@aws-sdk/credential-provider-node': 3.668.0(@aws-sdk/client-sso-oidc@3.668.0(@aws-sdk/client-sts@3.668.0))(@aws-sdk/client-sts@3.668.0)
      '@aws-sdk/middleware-host-header': 3.667.0
      '@aws-sdk/middleware-logger': 3.667.0
      '@aws-sdk/middleware-recursion-detection': 3.667.0
      '@aws-sdk/middleware-user-agent': 3.668.0
      '@aws-sdk/region-config-resolver': 3.667.0
      '@aws-sdk/types': 3.667.0
      '@aws-sdk/util-endpoints': 3.667.0
      '@aws-sdk/util-user-agent-browser': 3.667.0
      '@aws-sdk/util-user-agent-node': 3.668.0
      '@smithy/config-resolver': 3.0.9
      '@smithy/core': 2.4.8
      '@smithy/fetch-http-handler': 3.2.9
      '@smithy/hash-node': 3.0.7
      '@smithy/invalid-dependency': 3.0.7
      '@smithy/middleware-content-length': 3.0.9
      '@smithy/middleware-endpoint': 3.1.4
      '@smithy/middleware-retry': 3.0.23
      '@smithy/middleware-serde': 3.0.7
      '@smithy/middleware-stack': 3.0.7
      '@smithy/node-config-provider': 3.1.8
      '@smithy/node-http-handler': 3.2.4
      '@smithy/protocol-http': 4.1.4
      '@smithy/smithy-client': 3.4.0
      '@smithy/types': 3.5.0
      '@smithy/url-parser': 3.0.7
      '@smithy/util-base64': 3.0.0
      '@smithy/util-body-length-browser': 3.0.0
      '@smithy/util-body-length-node': 3.0.0
      '@smithy/util-defaults-mode-browser': 3.0.23
      '@smithy/util-defaults-mode-node': 3.0.23
      '@smithy/util-endpoints': 2.1.3
      '@smithy/util-middleware': 3.0.7
      '@smithy/util-retry': 3.0.7
      '@smithy/util-utf8': 3.0.0
      '@smithy/util-waiter': 3.1.6
      tslib: 2.7.0
    transitivePeerDependencies:
      - aws-crt

  '@aws-sdk/client-sso-oidc@3.668.0(@aws-sdk/client-sts@3.668.0)':
    dependencies:
      '@aws-crypto/sha256-browser': 5.2.0
      '@aws-crypto/sha256-js': 5.2.0
      '@aws-sdk/client-sts': 3.668.0
      '@aws-sdk/core': 3.667.0
      '@aws-sdk/credential-provider-node': 3.668.0(@aws-sdk/client-sso-oidc@3.668.0(@aws-sdk/client-sts@3.668.0))(@aws-sdk/client-sts@3.668.0)
      '@aws-sdk/middleware-host-header': 3.667.0
      '@aws-sdk/middleware-logger': 3.667.0
      '@aws-sdk/middleware-recursion-detection': 3.667.0
      '@aws-sdk/middleware-user-agent': 3.668.0
      '@aws-sdk/region-config-resolver': 3.667.0
      '@aws-sdk/types': 3.667.0
      '@aws-sdk/util-endpoints': 3.667.0
      '@aws-sdk/util-user-agent-browser': 3.667.0
      '@aws-sdk/util-user-agent-node': 3.668.0
      '@smithy/config-resolver': 3.0.9
      '@smithy/core': 2.4.8
      '@smithy/fetch-http-handler': 3.2.9
      '@smithy/hash-node': 3.0.7
      '@smithy/invalid-dependency': 3.0.7
      '@smithy/middleware-content-length': 3.0.9
      '@smithy/middleware-endpoint': 3.1.4
      '@smithy/middleware-retry': 3.0.23
      '@smithy/middleware-serde': 3.0.7
      '@smithy/middleware-stack': 3.0.7
      '@smithy/node-config-provider': 3.1.8
      '@smithy/node-http-handler': 3.2.4
      '@smithy/protocol-http': 4.1.4
      '@smithy/smithy-client': 3.4.0
      '@smithy/types': 3.5.0
      '@smithy/url-parser': 3.0.7
      '@smithy/util-base64': 3.0.0
      '@smithy/util-body-length-browser': 3.0.0
      '@smithy/util-body-length-node': 3.0.0
      '@smithy/util-defaults-mode-browser': 3.0.23
      '@smithy/util-defaults-mode-node': 3.0.23
      '@smithy/util-endpoints': 2.1.3
      '@smithy/util-middleware': 3.0.7
      '@smithy/util-retry': 3.0.7
      '@smithy/util-utf8': 3.0.0
      tslib: 2.7.0
    transitivePeerDependencies:
      - aws-crt

  '@aws-sdk/client-sso@3.668.0':
    dependencies:
      '@aws-crypto/sha256-browser': 5.2.0
      '@aws-crypto/sha256-js': 5.2.0
      '@aws-sdk/core': 3.667.0
      '@aws-sdk/middleware-host-header': 3.667.0
      '@aws-sdk/middleware-logger': 3.667.0
      '@aws-sdk/middleware-recursion-detection': 3.667.0
      '@aws-sdk/middleware-user-agent': 3.668.0
      '@aws-sdk/region-config-resolver': 3.667.0
      '@aws-sdk/types': 3.667.0
      '@aws-sdk/util-endpoints': 3.667.0
      '@aws-sdk/util-user-agent-browser': 3.667.0
      '@aws-sdk/util-user-agent-node': 3.668.0
      '@smithy/config-resolver': 3.0.9
      '@smithy/core': 2.4.8
      '@smithy/fetch-http-handler': 3.2.9
      '@smithy/hash-node': 3.0.7
      '@smithy/invalid-dependency': 3.0.7
      '@smithy/middleware-content-length': 3.0.9
      '@smithy/middleware-endpoint': 3.1.4
      '@smithy/middleware-retry': 3.0.23
      '@smithy/middleware-serde': 3.0.7
      '@smithy/middleware-stack': 3.0.7
      '@smithy/node-config-provider': 3.1.8
      '@smithy/node-http-handler': 3.2.4
      '@smithy/protocol-http': 4.1.4
      '@smithy/smithy-client': 3.4.0
      '@smithy/types': 3.5.0
      '@smithy/url-parser': 3.0.7
      '@smithy/util-base64': 3.0.0
      '@smithy/util-body-length-browser': 3.0.0
      '@smithy/util-body-length-node': 3.0.0
      '@smithy/util-defaults-mode-browser': 3.0.23
      '@smithy/util-defaults-mode-node': 3.0.23
      '@smithy/util-endpoints': 2.1.3
      '@smithy/util-middleware': 3.0.7
      '@smithy/util-retry': 3.0.7
      '@smithy/util-utf8': 3.0.0
      tslib: 2.7.0
    transitivePeerDependencies:
      - aws-crt

  '@aws-sdk/client-sts@3.668.0':
    dependencies:
      '@aws-crypto/sha256-browser': 5.2.0
      '@aws-crypto/sha256-js': 5.2.0
      '@aws-sdk/client-sso-oidc': 3.668.0(@aws-sdk/client-sts@3.668.0)
      '@aws-sdk/core': 3.667.0
      '@aws-sdk/credential-provider-node': 3.668.0(@aws-sdk/client-sso-oidc@3.668.0(@aws-sdk/client-sts@3.668.0))(@aws-sdk/client-sts@3.668.0)
      '@aws-sdk/middleware-host-header': 3.667.0
      '@aws-sdk/middleware-logger': 3.667.0
      '@aws-sdk/middleware-recursion-detection': 3.667.0
      '@aws-sdk/middleware-user-agent': 3.668.0
      '@aws-sdk/region-config-resolver': 3.667.0
      '@aws-sdk/types': 3.667.0
      '@aws-sdk/util-endpoints': 3.667.0
      '@aws-sdk/util-user-agent-browser': 3.667.0
      '@aws-sdk/util-user-agent-node': 3.668.0
      '@smithy/config-resolver': 3.0.9
      '@smithy/core': 2.4.8
      '@smithy/fetch-http-handler': 3.2.9
      '@smithy/hash-node': 3.0.7
      '@smithy/invalid-dependency': 3.0.7
      '@smithy/middleware-content-length': 3.0.9
      '@smithy/middleware-endpoint': 3.1.4
      '@smithy/middleware-retry': 3.0.23
      '@smithy/middleware-serde': 3.0.7
      '@smithy/middleware-stack': 3.0.7
      '@smithy/node-config-provider': 3.1.8
      '@smithy/node-http-handler': 3.2.4
      '@smithy/protocol-http': 4.1.4
      '@smithy/smithy-client': 3.4.0
      '@smithy/types': 3.5.0
      '@smithy/url-parser': 3.0.7
      '@smithy/util-base64': 3.0.0
      '@smithy/util-body-length-browser': 3.0.0
      '@smithy/util-body-length-node': 3.0.0
      '@smithy/util-defaults-mode-browser': 3.0.23
      '@smithy/util-defaults-mode-node': 3.0.23
      '@smithy/util-endpoints': 2.1.3
      '@smithy/util-middleware': 3.0.7
      '@smithy/util-retry': 3.0.7
      '@smithy/util-utf8': 3.0.0
      tslib: 2.7.0
    transitivePeerDependencies:
      - aws-crt

  '@aws-sdk/core@3.667.0':
    dependencies:
      '@aws-sdk/types': 3.667.0
      '@smithy/core': 2.4.8
      '@smithy/node-config-provider': 3.1.8
      '@smithy/property-provider': 3.1.7
      '@smithy/protocol-http': 4.1.4
      '@smithy/signature-v4': 4.2.0
      '@smithy/smithy-client': 3.4.0
      '@smithy/types': 3.5.0
      '@smithy/util-middleware': 3.0.7
      fast-xml-parser: 4.4.1
      tslib: 2.7.0

  '@aws-sdk/credential-provider-env@3.667.0':
    dependencies:
      '@aws-sdk/core': 3.667.0
      '@aws-sdk/types': 3.667.0
      '@smithy/property-provider': 3.1.7
      '@smithy/types': 3.5.0
      tslib: 2.7.0

  '@aws-sdk/credential-provider-http@3.667.0':
    dependencies:
      '@aws-sdk/core': 3.667.0
      '@aws-sdk/types': 3.667.0
      '@smithy/fetch-http-handler': 3.2.9
      '@smithy/node-http-handler': 3.2.4
      '@smithy/property-provider': 3.1.7
      '@smithy/protocol-http': 4.1.4
      '@smithy/smithy-client': 3.4.0
      '@smithy/types': 3.5.0
      '@smithy/util-stream': 3.1.9
      tslib: 2.7.0

  '@aws-sdk/credential-provider-ini@3.668.0(@aws-sdk/client-sso-oidc@3.668.0(@aws-sdk/client-sts@3.668.0))(@aws-sdk/client-sts@3.668.0)':
    dependencies:
      '@aws-sdk/client-sts': 3.668.0
      '@aws-sdk/core': 3.667.0
      '@aws-sdk/credential-provider-env': 3.667.0
      '@aws-sdk/credential-provider-http': 3.667.0
      '@aws-sdk/credential-provider-process': 3.667.0
      '@aws-sdk/credential-provider-sso': 3.668.0(@aws-sdk/client-sso-oidc@3.668.0(@aws-sdk/client-sts@3.668.0))
      '@aws-sdk/credential-provider-web-identity': 3.667.0(@aws-sdk/client-sts@3.668.0)
      '@aws-sdk/types': 3.667.0
      '@smithy/credential-provider-imds': 3.2.4
      '@smithy/property-provider': 3.1.7
      '@smithy/shared-ini-file-loader': 3.1.8
      '@smithy/types': 3.5.0
      tslib: 2.7.0
    transitivePeerDependencies:
      - '@aws-sdk/client-sso-oidc'
      - aws-crt

  '@aws-sdk/credential-provider-node@3.668.0(@aws-sdk/client-sso-oidc@3.668.0(@aws-sdk/client-sts@3.668.0))(@aws-sdk/client-sts@3.668.0)':
    dependencies:
      '@aws-sdk/credential-provider-env': 3.667.0
      '@aws-sdk/credential-provider-http': 3.667.0
      '@aws-sdk/credential-provider-ini': 3.668.0(@aws-sdk/client-sso-oidc@3.668.0(@aws-sdk/client-sts@3.668.0))(@aws-sdk/client-sts@3.668.0)
      '@aws-sdk/credential-provider-process': 3.667.0
      '@aws-sdk/credential-provider-sso': 3.668.0(@aws-sdk/client-sso-oidc@3.668.0(@aws-sdk/client-sts@3.668.0))
      '@aws-sdk/credential-provider-web-identity': 3.667.0(@aws-sdk/client-sts@3.668.0)
      '@aws-sdk/types': 3.667.0
      '@smithy/credential-provider-imds': 3.2.4
      '@smithy/property-provider': 3.1.7
      '@smithy/shared-ini-file-loader': 3.1.8
      '@smithy/types': 3.5.0
      tslib: 2.7.0
    transitivePeerDependencies:
      - '@aws-sdk/client-sso-oidc'
      - '@aws-sdk/client-sts'
      - aws-crt

  '@aws-sdk/credential-provider-process@3.667.0':
    dependencies:
      '@aws-sdk/core': 3.667.0
      '@aws-sdk/types': 3.667.0
      '@smithy/property-provider': 3.1.7
      '@smithy/shared-ini-file-loader': 3.1.8
      '@smithy/types': 3.5.0
      tslib: 2.7.0

  '@aws-sdk/credential-provider-sso@3.668.0(@aws-sdk/client-sso-oidc@3.668.0(@aws-sdk/client-sts@3.668.0))':
    dependencies:
      '@aws-sdk/client-sso': 3.668.0
      '@aws-sdk/core': 3.667.0
      '@aws-sdk/token-providers': 3.667.0(@aws-sdk/client-sso-oidc@3.668.0(@aws-sdk/client-sts@3.668.0))
      '@aws-sdk/types': 3.667.0
      '@smithy/property-provider': 3.1.7
      '@smithy/shared-ini-file-loader': 3.1.8
      '@smithy/types': 3.5.0
      tslib: 2.7.0
    transitivePeerDependencies:
      - '@aws-sdk/client-sso-oidc'
      - aws-crt

  '@aws-sdk/credential-provider-web-identity@3.667.0(@aws-sdk/client-sts@3.668.0)':
    dependencies:
      '@aws-sdk/client-sts': 3.668.0
      '@aws-sdk/core': 3.667.0
      '@aws-sdk/types': 3.667.0
      '@smithy/property-provider': 3.1.7
      '@smithy/types': 3.5.0
      tslib: 2.7.0

  '@aws-sdk/middleware-host-header@3.667.0':
    dependencies:
      '@aws-sdk/types': 3.667.0
      '@smithy/protocol-http': 4.1.4
      '@smithy/types': 3.5.0
      tslib: 2.7.0

  '@aws-sdk/middleware-logger@3.667.0':
    dependencies:
      '@aws-sdk/types': 3.667.0
      '@smithy/types': 3.5.0
      tslib: 2.7.0

  '@aws-sdk/middleware-recursion-detection@3.667.0':
    dependencies:
      '@aws-sdk/types': 3.667.0
      '@smithy/protocol-http': 4.1.4
      '@smithy/types': 3.5.0
      tslib: 2.7.0

  '@aws-sdk/middleware-user-agent@3.668.0':
    dependencies:
      '@aws-sdk/core': 3.667.0
      '@aws-sdk/types': 3.667.0
      '@aws-sdk/util-endpoints': 3.667.0
      '@smithy/core': 2.4.8
      '@smithy/protocol-http': 4.1.4
      '@smithy/types': 3.5.0
      tslib: 2.7.0

  '@aws-sdk/region-config-resolver@3.667.0':
    dependencies:
      '@aws-sdk/types': 3.667.0
      '@smithy/node-config-provider': 3.1.8
      '@smithy/types': 3.5.0
      '@smithy/util-config-provider': 3.0.0
      '@smithy/util-middleware': 3.0.7
      tslib: 2.7.0

  '@aws-sdk/token-providers@3.667.0(@aws-sdk/client-sso-oidc@3.668.0(@aws-sdk/client-sts@3.668.0))':
    dependencies:
      '@aws-sdk/client-sso-oidc': 3.668.0(@aws-sdk/client-sts@3.668.0)
      '@aws-sdk/types': 3.667.0
      '@smithy/property-provider': 3.1.7
      '@smithy/shared-ini-file-loader': 3.1.8
      '@smithy/types': 3.5.0
      tslib: 2.7.0

  '@aws-sdk/types@3.667.0':
    dependencies:
      '@smithy/types': 3.5.0
      tslib: 2.7.0

  '@aws-sdk/util-endpoints@3.667.0':
    dependencies:
      '@aws-sdk/types': 3.667.0
      '@smithy/types': 3.5.0
      '@smithy/util-endpoints': 2.1.3
      tslib: 2.7.0

  '@aws-sdk/util-locate-window@3.568.0':
    dependencies:
      tslib: 2.7.0

  '@aws-sdk/util-user-agent-browser@3.667.0':
    dependencies:
      '@aws-sdk/types': 3.667.0
      '@smithy/types': 3.5.0
      bowser: 2.11.0
      tslib: 2.7.0

  '@aws-sdk/util-user-agent-node@3.668.0':
    dependencies:
      '@aws-sdk/middleware-user-agent': 3.668.0
      '@aws-sdk/types': 3.667.0
      '@smithy/node-config-provider': 3.1.8
      '@smithy/types': 3.5.0
      tslib: 2.7.0

  '@haftahave/serverless-ses-template@6.1.0(serverless@4.4.5)':
    dependencies:
      chalk: 4.1.2
      cli-table: 0.3.11
      serverless: 4.4.5

  '@isaacs/cliui@8.0.2':
    dependencies:
      string-width: 5.1.2
      string-width-cjs: string-width@4.2.3
      strip-ansi: 7.1.0
      strip-ansi-cjs: strip-ansi@6.0.1
      wrap-ansi: 8.1.0
      wrap-ansi-cjs: wrap-ansi@7.0.0

  '@pkgjs/parseargs@0.11.0':
    optional: true

  '@smithy/abort-controller@3.1.5':
    dependencies:
      '@smithy/types': 3.5.0
      tslib: 2.7.0

  '@smithy/config-resolver@3.0.9':
    dependencies:
      '@smithy/node-config-provider': 3.1.8
      '@smithy/types': 3.5.0
      '@smithy/util-config-provider': 3.0.0
      '@smithy/util-middleware': 3.0.7
      tslib: 2.7.0

  '@smithy/core@2.4.8':
    dependencies:
      '@smithy/middleware-endpoint': 3.1.4
      '@smithy/middleware-retry': 3.0.23
      '@smithy/middleware-serde': 3.0.7
      '@smithy/protocol-http': 4.1.4
      '@smithy/smithy-client': 3.4.0
      '@smithy/types': 3.5.0
      '@smithy/util-body-length-browser': 3.0.0
      '@smithy/util-middleware': 3.0.7
      '@smithy/util-utf8': 3.0.0
      tslib: 2.7.0

  '@smithy/credential-provider-imds@3.2.4':
    dependencies:
      '@smithy/node-config-provider': 3.1.8
      '@smithy/property-provider': 3.1.7
      '@smithy/types': 3.5.0
      '@smithy/url-parser': 3.0.7
      tslib: 2.7.0

  '@smithy/fetch-http-handler@3.2.9':
    dependencies:
      '@smithy/protocol-http': 4.1.4
      '@smithy/querystring-builder': 3.0.7
      '@smithy/types': 3.5.0
      '@smithy/util-base64': 3.0.0
      tslib: 2.7.0

  '@smithy/hash-node@3.0.7':
    dependencies:
      '@smithy/types': 3.5.0
      '@smithy/util-buffer-from': 3.0.0
      '@smithy/util-utf8': 3.0.0
      tslib: 2.7.0

  '@smithy/invalid-dependency@3.0.7':
    dependencies:
      '@smithy/types': 3.5.0
      tslib: 2.7.0

  '@smithy/is-array-buffer@2.2.0':
    dependencies:
      tslib: 2.7.0

  '@smithy/is-array-buffer@3.0.0':
    dependencies:
      tslib: 2.7.0

  '@smithy/middleware-content-length@3.0.9':
    dependencies:
      '@smithy/protocol-http': 4.1.4
      '@smithy/types': 3.5.0
      tslib: 2.7.0

  '@smithy/middleware-endpoint@3.1.4':
    dependencies:
      '@smithy/middleware-serde': 3.0.7
      '@smithy/node-config-provider': 3.1.8
      '@smithy/shared-ini-file-loader': 3.1.8
      '@smithy/types': 3.5.0
      '@smithy/url-parser': 3.0.7
      '@smithy/util-middleware': 3.0.7
      tslib: 2.7.0

  '@smithy/middleware-retry@3.0.23':
    dependencies:
      '@smithy/node-config-provider': 3.1.8
      '@smithy/protocol-http': 4.1.4
      '@smithy/service-error-classification': 3.0.7
      '@smithy/smithy-client': 3.4.0
      '@smithy/types': 3.5.0
      '@smithy/util-middleware': 3.0.7
      '@smithy/util-retry': 3.0.7
      tslib: 2.7.0
      uuid: 9.0.1

  '@smithy/middleware-serde@3.0.7':
    dependencies:
      '@smithy/types': 3.5.0
      tslib: 2.7.0

  '@smithy/middleware-stack@3.0.7':
    dependencies:
      '@smithy/types': 3.5.0
      tslib: 2.7.0

  '@smithy/node-config-provider@3.1.8':
    dependencies:
      '@smithy/property-provider': 3.1.7
      '@smithy/shared-ini-file-loader': 3.1.8
      '@smithy/types': 3.5.0
      tslib: 2.7.0

  '@smithy/node-http-handler@3.2.4':
    dependencies:
      '@smithy/abort-controller': 3.1.5
      '@smithy/protocol-http': 4.1.4
      '@smithy/querystring-builder': 3.0.7
      '@smithy/types': 3.5.0
      tslib: 2.7.0

  '@smithy/property-provider@3.1.7':
    dependencies:
      '@smithy/types': 3.5.0
      tslib: 2.7.0

  '@smithy/protocol-http@4.1.4':
    dependencies:
      '@smithy/types': 3.5.0
      tslib: 2.7.0

  '@smithy/querystring-builder@3.0.7':
    dependencies:
      '@smithy/types': 3.5.0
      '@smithy/util-uri-escape': 3.0.0
      tslib: 2.7.0

  '@smithy/querystring-parser@3.0.7':
    dependencies:
      '@smithy/types': 3.5.0
      tslib: 2.7.0

  '@smithy/service-error-classification@3.0.7':
    dependencies:
      '@smithy/types': 3.5.0

  '@smithy/shared-ini-file-loader@3.1.8':
    dependencies:
      '@smithy/types': 3.5.0
      tslib: 2.7.0

  '@smithy/signature-v4@4.2.0':
    dependencies:
      '@smithy/is-array-buffer': 3.0.0
      '@smithy/protocol-http': 4.1.4
      '@smithy/types': 3.5.0
      '@smithy/util-hex-encoding': 3.0.0
      '@smithy/util-middleware': 3.0.7
      '@smithy/util-uri-escape': 3.0.0
      '@smithy/util-utf8': 3.0.0
      tslib: 2.7.0

  '@smithy/smithy-client@3.4.0':
    dependencies:
      '@smithy/middleware-endpoint': 3.1.4
      '@smithy/middleware-stack': 3.0.7
      '@smithy/protocol-http': 4.1.4
      '@smithy/types': 3.5.0
      '@smithy/util-stream': 3.1.9
      tslib: 2.7.0

  '@smithy/types@3.5.0':
    dependencies:
      tslib: 2.7.0

  '@smithy/url-parser@3.0.7':
    dependencies:
      '@smithy/querystring-parser': 3.0.7
      '@smithy/types': 3.5.0
      tslib: 2.7.0

  '@smithy/util-base64@3.0.0':
    dependencies:
      '@smithy/util-buffer-from': 3.0.0
      '@smithy/util-utf8': 3.0.0
      tslib: 2.7.0

  '@smithy/util-body-length-browser@3.0.0':
    dependencies:
      tslib: 2.7.0

  '@smithy/util-body-length-node@3.0.0':
    dependencies:
      tslib: 2.7.0

  '@smithy/util-buffer-from@2.2.0':
    dependencies:
      '@smithy/is-array-buffer': 2.2.0
      tslib: 2.7.0

  '@smithy/util-buffer-from@3.0.0':
    dependencies:
      '@smithy/is-array-buffer': 3.0.0
      tslib: 2.7.0

  '@smithy/util-config-provider@3.0.0':
    dependencies:
      tslib: 2.7.0

  '@smithy/util-defaults-mode-browser@3.0.23':
    dependencies:
      '@smithy/property-provider': 3.1.7
      '@smithy/smithy-client': 3.4.0
      '@smithy/types': 3.5.0
      bowser: 2.11.0
      tslib: 2.7.0

  '@smithy/util-defaults-mode-node@3.0.23':
    dependencies:
      '@smithy/config-resolver': 3.0.9
      '@smithy/credential-provider-imds': 3.2.4
      '@smithy/node-config-provider': 3.1.8
      '@smithy/property-provider': 3.1.7
      '@smithy/smithy-client': 3.4.0
      '@smithy/types': 3.5.0
      tslib: 2.7.0

  '@smithy/util-endpoints@2.1.3':
    dependencies:
      '@smithy/node-config-provider': 3.1.8
      '@smithy/types': 3.5.0
      tslib: 2.7.0

  '@smithy/util-hex-encoding@3.0.0':
    dependencies:
      tslib: 2.7.0

  '@smithy/util-middleware@3.0.7':
    dependencies:
      '@smithy/types': 3.5.0
      tslib: 2.7.0

  '@smithy/util-retry@3.0.7':
    dependencies:
      '@smithy/service-error-classification': 3.0.7
      '@smithy/types': 3.5.0
      tslib: 2.7.0

  '@smithy/util-stream@3.1.9':
    dependencies:
      '@smithy/fetch-http-handler': 3.2.9
      '@smithy/node-http-handler': 3.2.4
      '@smithy/types': 3.5.0
      '@smithy/util-base64': 3.0.0
      '@smithy/util-buffer-from': 3.0.0
      '@smithy/util-hex-encoding': 3.0.0
      '@smithy/util-utf8': 3.0.0
      tslib: 2.7.0

  '@smithy/util-uri-escape@3.0.0':
    dependencies:
      tslib: 2.7.0

  '@smithy/util-utf8@2.3.0':
    dependencies:
      '@smithy/util-buffer-from': 2.2.0
      tslib: 2.7.0

  '@smithy/util-utf8@3.0.0':
    dependencies:
      '@smithy/util-buffer-from': 3.0.0
      tslib: 2.7.0

  '@smithy/util-waiter@3.1.6':
    dependencies:
      '@smithy/abort-controller': 3.1.5
      '@smithy/types': 3.5.0
      tslib: 2.7.0

  ansi-regex@5.0.1: {}

  ansi-regex@6.1.0: {}

  ansi-styles@4.3.0:
    dependencies:
      color-convert: 2.0.1

  ansi-styles@6.2.1: {}

  asynckit@0.4.0: {}

  axios-proxy-builder@0.1.2:
    dependencies:
      tunnel: 0.0.6

  axios@1.7.7:
    dependencies:
      follow-redirects: 1.15.9
      form-data: 4.0.0
      proxy-from-env: 1.1.0
    transitivePeerDependencies:
      - debug

  balanced-match@1.0.2: {}

  bowser@2.11.0: {}

  brace-expansion@2.0.1:
    dependencies:
      balanced-match: 1.0.2

  chalk@4.1.2:
    dependencies:
      ansi-styles: 4.3.0
      supports-color: 7.2.0

  cli-table@0.3.11:
    dependencies:
      colors: 1.0.3

  color-convert@2.0.1:
    dependencies:
      color-name: 1.1.4

  color-name@1.1.4: {}

  colors@1.0.3: {}

  combined-stream@1.0.8:
    dependencies:
      delayed-stream: 1.0.0

  cross-spawn@7.0.3:
    dependencies:
      path-key: 3.1.1
      shebang-command: 2.0.0
      which: 2.0.2

  delayed-stream@1.0.0: {}

  eastasianwidth@0.2.0: {}

  emoji-regex@8.0.0: {}

  emoji-regex@9.2.2: {}

  fast-xml-parser@4.4.1:
    dependencies:
      strnum: 1.0.5

  follow-redirects@1.15.9: {}

  foreground-child@3.3.0:
    dependencies:
      cross-spawn: 7.0.3
      signal-exit: 4.1.0

  form-data@4.0.0:
    dependencies:
      asynckit: 0.4.0
      combined-stream: 1.0.8
      mime-types: 2.1.35

  glob@10.4.5:
    dependencies:
      foreground-child: 3.3.0
      jackspeak: 3.4.3
      minimatch: 9.0.5
      minipass: 7.1.2
      package-json-from-dist: 1.0.1
      path-scurry: 1.11.1

  has-flag@4.0.0: {}

  is-fullwidth-code-point@3.0.0: {}

  isexe@2.0.0: {}

  jackspeak@3.4.3:
    dependencies:
      '@isaacs/cliui': 8.0.2
    optionalDependencies:
      '@pkgjs/parseargs': 0.11.0

  lru-cache@10.4.3: {}

  mime-db@1.52.0: {}

  mime-types@2.1.35:
    dependencies:
      mime-db: 1.52.0

  minimatch@9.0.5:
    dependencies:
      brace-expansion: 2.0.1

  minipass@7.1.2: {}

  package-json-from-dist@1.0.1: {}

  path-key@3.1.1: {}

  path-scurry@1.11.1:
    dependencies:
      lru-cache: 10.4.3
      minipass: 7.1.2

  proxy-from-env@1.1.0: {}

  rimraf@5.0.10:
    dependencies:
      glob: 10.4.5

  sax@1.4.1: {}

  serverless@4.4.5:
    dependencies:
      axios: 1.7.7
      axios-proxy-builder: 0.1.2
      rimraf: 5.0.10
      xml2js: 0.6.2
    transitivePeerDependencies:
      - debug

  shebang-command@2.0.0:
    dependencies:
      shebang-regex: 3.0.0

  shebang-regex@3.0.0: {}

  signal-exit@4.1.0: {}

  string-width@4.2.3:
    dependencies:
      emoji-regex: 8.0.0
      is-fullwidth-code-point: 3.0.0
      strip-ansi: 6.0.1

  string-width@5.1.2:
    dependencies:
      eastasianwidth: 0.2.0
      emoji-regex: 9.2.2
      strip-ansi: 7.1.0

  strip-ansi@6.0.1:
    dependencies:
      ansi-regex: 5.0.1

  strip-ansi@7.1.0:
    dependencies:
      ansi-regex: 6.1.0

  strnum@1.0.5: {}

  supports-color@7.2.0:
    dependencies:
      has-flag: 4.0.0

  tslib@2.7.0: {}

  tunnel@0.0.6: {}

  uuid@9.0.1: {}

  which@2.0.2:
    dependencies:
      isexe: 2.0.0

  wrap-ansi@7.0.0:
    dependencies:
      ansi-styles: 4.3.0
      string-width: 4.2.3
      strip-ansi: 6.0.1

  wrap-ansi@8.1.0:
    dependencies:
      ansi-styles: 6.2.1
      string-width: 5.1.2
      strip-ansi: 7.1.0

  xml2js@0.6.2:
    dependencies:
      sax: 1.4.1
      xmlbuilder: 11.0.1

  xmlbuilder@11.0.1: {}
